
Microsoft Visual Studio Solution File, Format Version 12.00
# Visual Studio Version 17
VisualStudioVersion = 17.0.31903.59
MinimumVisualStudioVersion = 10.0.40219.1
Project("{8BC9CEB8-8B4A-11D0-8D11-00A0C91BC942}") = "rpg_game", "rpg_game\rpg_game.vcxproj", "{F803E548-C1E9-4A8D-BB94-037C20227636}"
EndProject
Global
	GlobalSection(SolutionConfigurationPlatforms) = preSolution
		Debug|x64 = Debug|x64
		Debug|x86 = Debug|x86
		Release|x64 = Release|x64
		Release|x86 = Release|x86
	EndGlobalSection
	GlobalSection(ProjectConfigurationPlatforms) = postSolution
		{F803E548-C1E9-4A8D-BB94-037C20227636}.Debug|x64.ActiveCfg = Debug|x64
		{F803E548-C1E9-4A8D-BB94-037C20227636}.Debug|x64.Build.0 = Debug|x64
		{F803E548-C1E9-4A8D-BB94-037C20227636}.Debug|x86.ActiveCfg = Debug|Win32
		{F803E548-C1E9-4A8D-BB94-037C20227636}.Debug|x86.Build.0 = Debug|Win32
		{F803E548-C1E9-4A8D-BB94-037C20227636}.Release|x64.ActiveCfg = Release|x64
		{F803E548-C1E9-4A8D-BB94-037C20227636}.Release|x64.Build.0 = Release|x64
		{F803E548-C1E9-4A8D-BB94-037C20227636}.Release|x86.ActiveCfg = Release|Win32
		{F803E548-C1E9-4A8D-BB94-037C20227636}.Release|x86.Build.0 = Release|Win32
	EndGlobalSection
	GlobalSection(SolutionProperties) = preSolution
		HideSolutionNode = FALSE
	EndGlobalSection
	GlobalSection(ExtensibilityGlobals) = postSolution
		SolutionGuid = {90F762CD-310D-4552-9FD5-F914C5A28802}
	EndGlobalSection
EndGlobal
